
Microsoft Visual Studio Solution File, Format Version 12.00
# Visual Studio Version 17
VisualStudioVersion = 17.8.34511.84
MinimumVisualStudioVersion = 10.0.40219.1
Project("{9A19103F-16F7-4668-BE54-9A1E7A4F7556}") = "SecurityLibrary", "DataAccess\SecurityLibrary.csproj", "{EC5AD86E-9E9B-481C-9F16-0C4A2FB68BE1}"
EndProject
Project("{9A19103F-16F7-4668-BE54-9A1E7A4F7556}") = "Security_Interfaces", "Security_Interfaces\Security_Interfaces.csproj", "{844358C4-FB87-40F1-95A3-E6E1A09411EF}"
EndProject
Project("{9A19103F-16F7-4668-BE54-9A1E7A4F7556}") = "Security_Services", "Security_Services\Security_Services.csproj", "{C15A1EDE-B20A-432D-BDA3-6873340AD7B3}"
EndProject
Project("{9A19103F-16F7-4668-BE54-9A1E7A4F7556}") = "Security_Models", "Security_Models\Security_Models.csproj", "{AAAD28BE-9254-46DB-AD32-7DFEAD908907}"
EndProject
Project("{9A19103F-16F7-4668-BE54-9A1E7A4F7556}") = "Security_Tests", "Security_Tests\Security_Tests.csproj", "{09AAD41A-13D6-45EA-A360-92022C26BBBD}"
EndProject
Project("{9A19103F-16F7-4668-BE54-9A1E7A4F7556}") = "Security_App", "Security_App\Security_App.csproj", "{4752CABA-9286-4988-B395-360A287F203D}"
EndProject
Project("{FAE04EC0-301F-11D3-BF4B-00C04F79EFBC}") = "DatabaseConnectionTest", "DatabaseConnectionTest\DatabaseConnectionTest.csproj", "{EEECEAF7-C643-40AA-9DA9-4AEF6C6C1130}"
EndProject
Global
	GlobalSection(SolutionConfigurationPlatforms) = preSolution
		Debug|Any CPU = Debug|Any CPU
		Release|Any CPU = Release|Any CPU
	EndGlobalSection
	GlobalSection(ProjectConfigurationPlatforms) = postSolution
		{EC5AD86E-9E9B-481C-9F16-0C4A2FB68BE1}.Debug|Any CPU.ActiveCfg = Debug|Any CPU
		{EC5AD86E-9E9B-481C-9F16-0C4A2FB68BE1}.Debug|Any CPU.Build.0 = Debug|Any CPU
		{EC5AD86E-9E9B-481C-9F16-0C4A2FB68BE1}.Release|Any CPU.ActiveCfg = Release|Any CPU
		{EC5AD86E-9E9B-481C-9F16-0C4A2FB68BE1}.Release|Any CPU.Build.0 = Release|Any CPU
		{844358C4-FB87-40F1-95A3-E6E1A09411EF}.Debug|Any CPU.ActiveCfg = Debug|Any CPU
		{844358C4-FB87-40F1-95A3-E6E1A09411EF}.Debug|Any CPU.Build.0 = Debug|Any CPU
		{844358C4-FB87-40F1-95A3-E6E1A09411EF}.Release|Any CPU.ActiveCfg = Release|Any CPU
		{844358C4-FB87-40F1-95A3-E6E1A09411EF}.Release|Any CPU.Build.0 = Release|Any CPU
		{C15A1EDE-B20A-432D-BDA3-6873340AD7B3}.Debug|Any CPU.ActiveCfg = Debug|Any CPU
		{C15A1EDE-B20A-432D-BDA3-6873340AD7B3}.Debug|Any CPU.Build.0 = Debug|Any CPU
		{C15A1EDE-B20A-432D-BDA3-6873340AD7B3}.Release|Any CPU.ActiveCfg = Release|Any CPU
		{C15A1EDE-B20A-432D-BDA3-6873340AD7B3}.Release|Any CPU.Build.0 = Release|Any CPU
		{AAAD28BE-9254-46DB-AD32-7DFEAD908907}.Debug|Any CPU.ActiveCfg = Debug|Any CPU
		{AAAD28BE-9254-46DB-AD32-7DFEAD908907}.Debug|Any CPU.Build.0 = Debug|Any CPU
		{AAAD28BE-9254-46DB-AD32-7DFEAD908907}.Release|Any CPU.ActiveCfg = Release|Any CPU
		{AAAD28BE-9254-46DB-AD32-7DFEAD908907}.Release|Any CPU.Build.0 = Release|Any CPU
		{09AAD41A-13D6-45EA-A360-92022C26BBBD}.Debug|Any CPU.ActiveCfg = Debug|Any CPU
		{09AAD41A-13D6-45EA-A360-92022C26BBBD}.Debug|Any CPU.Build.0 = Debug|Any CPU
		{09AAD41A-13D6-45EA-A360-92022C26BBBD}.Release|Any CPU.ActiveCfg = Release|Any CPU
		{09AAD41A-13D6-45EA-A360-92022C26BBBD}.Release|Any CPU.Build.0 = Release|Any CPU
		{4752CABA-9286-4988-B395-360A287F203D}.Debug|Any CPU.ActiveCfg = Debug|Any CPU
		{4752CABA-9286-4988-B395-360A287F203D}.Debug|Any CPU.Build.0 = Debug|Any CPU
		{4752CABA-9286-4988-B395-360A287F203D}.Release|Any CPU.ActiveCfg = Release|Any CPU
		{4752CABA-9286-4988-B395-360A287F203D}.Release|Any CPU.Build.0 = Release|Any CPU
		{EEECEAF7-C643-40AA-9DA9-4AEF6C6C1130}.Debug|Any CPU.ActiveCfg = Debug|Any CPU
		{EEECEAF7-C643-40AA-9DA9-4AEF6C6C1130}.Debug|Any CPU.Build.0 = Debug|Any CPU
		{EEECEAF7-C643-40AA-9DA9-4AEF6C6C1130}.Release|Any CPU.ActiveCfg = Release|Any CPU
		{EEECEAF7-C643-40AA-9DA9-4AEF6C6C1130}.Release|Any CPU.Build.0 = Release|Any CPU
	EndGlobalSection
	GlobalSection(SolutionProperties) = preSolution
		HideSolutionNode = FALSE
	EndGlobalSection
	GlobalSection(ExtensibilityGlobals) = postSolution
		SolutionGuid = {2D014649-4B1A-4D45-99D9-21676DF36473}
	EndGlobalSection
EndGlobal
